
Microsoft Visual Studio Solution File, Format Version 12.00
# Visual Studio Version 16
VisualStudioVersion = 16.0.29728.190
MinimumVisualStudioVersion = 15.0.26124.0
Project("{2150E333-8FDC-42A3-9474-1A3956D46DE8}") = "src", "src", "{82E59501-A80B-4556-9B30-A1850AB35F82}"
EndProject
Project("{9A19103F-16F7-4668-BE54-9A1E7A4F7556}") = "Steunijos.Web", "src\Steunijos.Web\Steunijos.Web.csproj", "{4784CA05-07A2-4D07-B357-F5BD6B02B4DF}"
EndProject
Global
	GlobalSection(SolutionConfigurationPlatforms) = preSolution
		Debug|Any CPU = Debug|Any CPU
		Debug|x64 = Debug|x64
		Debug|x86 = Debug|x86
		Release|Any CPU = Release|Any CPU
		Release|x64 = Release|x64
		Release|x86 = Release|x86
	EndGlobalSection
	GlobalSection(ProjectConfigurationPlatforms) = postSolution
		{4784CA05-07A2-4D07-B357-F5BD6B02B4DF}.Debug|Any CPU.ActiveCfg = Debug|Any CPU
		{4784CA05-07A2-4D07-B357-F5BD6B02B4DF}.Debug|Any CPU.Build.0 = Debug|Any CPU
		{4784CA05-07A2-4D07-B357-F5BD6B02B4DF}.Debug|x64.ActiveCfg = Debug|Any CPU
		{4784CA05-07A2-4D07-B357-F5BD6B02B4DF}.Debug|x64.Build.0 = Debug|Any CPU
		{4784CA05-07A2-4D07-B357-F5BD6B02B4DF}.Debug|x86.ActiveCfg = Debug|Any CPU
		{4784CA05-07A2-4D07-B357-F5BD6B02B4DF}.Debug|x86.Build.0 = Debug|Any CPU
		{4784CA05-07A2-4D07-B357-F5BD6B02B4DF}.Release|Any CPU.ActiveCfg = Release|Any CPU
		{4784CA05-07A2-4D07-B357-F5BD6B02B4DF}.Release|Any CPU.Build.0 = Release|Any CPU
		{4784CA05-07A2-4D07-B357-F5BD6B02B4DF}.Release|x64.ActiveCfg = Release|Any CPU
		{4784CA05-07A2-4D07-B357-F5BD6B02B4DF}.Release|x64.Build.0 = Release|Any CPU
		{4784CA05-07A2-4D07-B357-F5BD6B02B4DF}.Release|x86.ActiveCfg = Release|Any CPU
		{4784CA05-07A2-4D07-B357-F5BD6B02B4DF}.Release|x86.Build.0 = Release|Any CPU
	EndGlobalSection
	GlobalSection(SolutionProperties) = preSolution
		HideSolutionNode = FALSE
	EndGlobalSection
	GlobalSection(NestedProjects) = preSolution
		{4784CA05-07A2-4D07-B357-F5BD6B02B4DF} = {82E59501-A80B-4556-9B30-A1850AB35F82}
	EndGlobalSection
	GlobalSection(ExtensibilityGlobals) = postSolution
		SolutionGuid = {C0E8C9C9-23A2-4050-9BE5-765C11608C57}
	EndGlobalSection
EndGlobal
